
Microsoft Visual Studio Solution File, Format Version 12.00
# Visual Studio 14
VisualStudioVersion = 14.0.25123.0
MinimumVisualStudioVersion = 10.0.40219.1
Project("{FAE04EC0-301F-11D3-BF4B-00C04F79EFBC}") = "3DModelling", "3DModelling\3DModelling.csproj", "{B8D0264B-1AC2-4D10-93E1-C8A8C39A8D40}"
EndProject
Global
	GlobalSection(SolutionConfigurationPlatforms) = preSolution
		Debug|Any CPU = Debug|Any CPU
		Release|Any CPU = Release|Any CPU
	EndGlobalSection
	GlobalSection(ProjectConfigurationPlatforms) = postSolution
		{B8D0264B-1AC2-4D10-93E1-C8A8C39A8D40}.Debug|Any CPU.ActiveCfg = Debug|Any CPU
		{B8D0264B-1AC2-4D10-93E1-C8A8C39A8D40}.Debug|Any CPU.Build.0 = Debug|Any CPU
		{B8D0264B-1AC2-4D10-93E1-C8A8C39A8D40}.Release|Any CPU.ActiveCfg = Release|Any CPU
		{B8D0264B-1AC2-4D10-93E1-C8A8C39A8D40}.Release|Any CPU.Build.0 = Release|Any CPU
	EndGlobalSection
	GlobalSection(SolutionProperties) = preSolution
		HideSolutionNode = FALSE
	EndGlobalSection
EndGlobal
